// !$*UTF8*$!
{
	archiveVersion = 1;
	classes = {
	};
	objectVersion = 46;
	objects = {

/* Begin PBXBuildFile section */
		286B1EC91943D783007E58F5 /* main.swift in Sources */ = {isa = PBXBuildFile; fileRef = 286B1EC81943D783007E58F5 /* main.swift */; };
		286B1ED01943D78C007E58F5 /* go.swift in Sources */ = {isa = PBXBuildFile; fileRef = 286B1ECF1943D78C007E58F5 /* go.swift */; };
/* End PBXBuildFile section */

/* Begin PBXCopyFilesBuildPhase section */
		286B1EC31943D783007E58F5 /* CopyFiles */ = {
			isa = PBXCopyFilesBuildPhase;
			buildActionMask = 2147483647;
			dstPath = /usr/share/man/man1/;
			dstSubfolderSpec = 0;
			files = (
			);
			runOnlyForDeploymentPostprocessing = 1;
		};
/* End PBXCopyFilesBuildPhase section */

/* Begin PBXFileReference section */
		286B1EC51943D783007E58F5 /* swiftgo */ = {isa = PBXFileReference; explicitFileType = "compiled.mach-o.executable"; includeInIndex = 0; path = swiftgo; sourceTree = BUILT_PRODUCTS_DIR; };
		286B1EC81943D783007E58F5 /* main.swift */ = {isa = PBXFileReference; lastKnownFileType = sourcecode.swift; path = main.swift; sourceTree = "<group>"; };
		286B1ECF1943D78C007E58F5 /* go.swift */ = {isa = PBXFileReference; fileEncoding = 4; lastKnownFileType = sourcecode.swift; path = go.swift; sourceTree = "<group>"; };
/* End PBXFileReference section */

/* Begin PBXFrameworksBuildPhase section */
		286B1EC21943D783007E58F5 /* Frameworks */ = {
			isa = PBXFrameworksBuildPhase;
			buildActionMask = 2147483647;
			files = (
			);
			runOnlyForDeploymentPostprocessing = 0;
		};
/* End PBXFrameworksBuildPhase section */

/* Begin PBXGroup section */
		286B1EBC1943D783007E58F5 = {
			isa = PBXGroup;
			children = (
				286B1EC71943D783007E58F5 /* swiftgo */,
				286B1EC61943D783007E58F5 /* Products */,
			);
			sourceTree = "<group>";
		};
		286B1EC61943D783007E58F5 /* Products */ = {
			isa = PBXGroup;
			children = (
				286B1EC51943D783007E58F5 /* swiftgo */,
			);
			name = Products;
			sourceTree = "<group>";
		};
		286B1EC71943D783007E58F5 /* swiftgo */ = {
			isa = PBXGroup;
			children = (
				286B1EC81943D783007E58F5 /* main.swift */,
				286B1ECF1943D78C007E58F5 /* go.swift */,
			);
			path = swiftgo;
			sourceTree = "<group>";
		};
/* End PBXGroup section */

/* Begin PBXNativeTarget section */
		286B1EC41943D783007E58F5 /* swiftgo */ = {
			isa = PBXNativeTarget;
			buildConfigurationList = 286B1ECC1943D783007E58F5 /* Build configuration list for PBXNativeTarget "swiftgo" */;
			buildPhases = (
				286B1EC11943D783007E58F5 /* Sources */,
				286B1EC21943D783007E58F5 /* Frameworks */,
				286B1EC31943D783007E58F5 /* CopyFiles */,
			);
			buildRules = (
			);
			dependencies = (
			);
			name = swiftgo;
			productName = swiftgo;
			productReference = 286B1EC51943D783007E58F5 /* swiftgo */;
			productType = "com.apple.product-type.tool";
		};
/* End PBXNativeTarget section */

/* Begin PBXProject section */
		286B1EBD1943D783007E58F5 /* Project object */ = {
			isa = PBXProject;
			attributes = {
				LastUpgradeCheck = 0600;
				ORGANIZATIONNAME = lnd.mn;
				TargetAttributes = {
					286B1EC41943D783007E58F5 = {
						CreatedOnToolsVersion = 6.0;
					};
				};
			};
			buildConfigurationList = 286B1EC01943D783007E58F5 /* Build configuration list for PBXProject "swiftgo" */;
			compatibilityVersion = "Xcode 3.2";
			developmentRegion = English;
			hasScannedForEncodings = 0;
			knownRegions = (
				en,
			);
			mainGroup = 286B1EBC1943D783007E58F5;
			productRefGroup = 286B1EC61943D783007E58F5 /* Products */;
			projectDirPath = "";
			projectRoot = "";
			targets = (
				286B1EC41943D783007E58F5 /* swiftgo */,
			);
		};
/* End PBXProject section */

/* Begin PBXSourcesBuildPhase section */
		286B1EC11943D783007E58F5 /* Sources */ = {
			isa = PBXSourcesBuildPhase;
			buildActionMask = 2147483647;
			files = (
				286B1EC91943D783007E58F5 /* main.swift in Sources */,
				286B1ED01943D78C007E58F5 /* go.swift in Sources */,
			);
			runOnlyForDeploymentPostprocessing = 0;
		};
/* End PBXSourcesBuildPhase section */

/* Begin XCBuildConfiguration section */
		286B1ECA1943D783007E58F5 /* Debug */ = {
			isa = XCBuildConfiguration;
			buildSettings = {
				ALWAYS_SEARCH_USER_PATHS = NO;
				CLANG_CXX_LANGUAGE_STANDARD = "gnu++0x";
				CLANG_CXX_LIBRARY = "libc++";
				CLANG_ENABLE_MODULES = YES;
				CLANG_ENABLE_OBJC_ARC = YES;
				CLANG_WARN_BOOL_CONVERSION = YES;
				CLANG_WARN_CONSTANT_CONVERSION = YES;
				CLANG_WARN_DIRECT_OBJC_ISA_USAGE = YES_ERROR;
				CLANG_WARN_EMPTY_BODY = YES;
				CLANG_WARN_ENUM_CONVERSION = YES;
				CLANG_WARN_INT_CONVERSION = YES;
				CLANG_WARN_OBJC_ROOT_CLASS = YES_ERROR;
				CLANG_WARN_UNREACHABLE_CODE = YES;
				CLANG_WARN__DUPLICATE_METHOD_MATCH = YES;
				COPY_PHASE_STRIP = NO;
				ENABLE_STRICT_OBJC_MSGSEND = YES;
				GCC_C_LANGUAGE_STANDARD = gnu99;
				GCC_DYNAMIC_NO_PIC = NO;
				GCC_OPTIMIZATION_LEVEL = 0;
				GCC_PREPROCESSOR_DEFINITIONS = (
					"DEBUG=1",
					"$(inherited)",
				);
				GCC_SYMBOLS_PRIVATE_EXTERN = NO;
				GCC_WARN_64_TO_32_BIT_CONVERSION = YES;
				GCC_WARN_ABOUT_RETURN_TYPE = YES_ERROR;
				GCC_WARN_UNDECLARED_SELECTOR = YES;
				GCC_WARN_UNINITIALIZED_AUTOS = YES_AGGRESSIVE;
				GCC_WARN_UNUSED_FUNCTION = YES;
				GCC_WARN_UNUSED_VARIABLE = YES;
				MACOSX_DEPLOYMENT_TARGET = 10.9;
				METAL_ENABLE_DEBUG_INFO = YES;
				ONLY_ACTIVE_ARCH = YES;
				SDKROOT = macosx;
				SWIFT_OPTIMIZATION_LEVEL = "-Onone";
			};
			name = Debug;
		};
		286B1ECB1943D783007E58F5 /* Release */ = {
			isa = XCBuildConfiguration;
			buildSettings = {
				ALWAYS_SEARCH_USER_PATHS = NO;
				CLANG_CXX_LANGUAGE_STANDARD = "gnu++0x";
				CLANG_CXX_LIBRARY = "libc++";
				CLANG_ENABLE_MODULES = YES;
				CLANG_ENABLE_OBJC_ARC = YES;
				CLANG_WARN_BOOL_CONVERSION = YES;
				CLANG_WARN_CONSTANT_CONVERSION = YES;
				CLANG_WARN_DIRECT_OBJC_ISA_USAGE = YES_ERROR;
				CLANG_WARN_EMPTY_BODY = YES;
				CLANG_WARN_ENUM_CONVERSION = YES;
				CLANG_WARN_INT_CONVERSION = YES;
				CLANG_WARN_OBJC_ROOT_CLASS = YES_ERROR;
				CLANG_WARN_UNREACHABLE_CODE = YES;
				CLANG_WARN__DUPLICATE_METHOD_MATCH = YES;
				COPY_PHASE_STRIP = YES;
				DEBUG_INFORMATION_FORMAT = "dwarf-with-dsym";
				ENABLE_NS_ASSERTIONS = NO;
				ENABLE_STRICT_OBJC_MSGSEND = YES;
				GCC_C_LANGUAGE_STANDARD = gnu99;
				GCC_WARN_64_TO_32_BIT_CONVERSION = YES;
				GCC_WARN_ABOUT_RETURN_TYPE = YES_ERROR;
				GCC_WARN_UNDECLARED_SELECTOR = YES;
				GCC_WARN_UNINITIALIZED_AUTOS = YES_AGGRESSIVE;
				GCC_WARN_UNUSED_FUNCTION = YES;
				GCC_WARN_UNUSED_VARIABLE = YES;
				MACOSX_DEPLOYMENT_TARGET = 10.9;
				METAL_ENABLE_DEBUG_INFO = NO;
				SDKROOT = macosx;
			};
			name = Release;
		};
		286B1ECD1943D783007E58F5 /* Debug */ = {
			isa = XCBuildConfiguration;
			buildSettings = {
				PRODUCT_NAME = "$(TARGET_NAME)";
			};
			name = Debug;
		};
		286B1ECE1943D783007E58F5 /* Release */ = {
			isa = XCBuildConfiguration;
			buildSettings = {
				PRODUCT_NAME = "$(TARGET_NAME)";
			};
			name = Release;
		};
/* End XCBuildConfiguration section */

/* Begin XCConfigurationList section */
		286B1EC01943D783007E58F5 /* Build configuration list for PBXProject "swiftgo" */ = {
			isa = XCConfigurationList;
			buildConfigurations = (
				286B1ECA1943D783007E58F5 /* Debug */,
				286B1ECB1943D783007E58F5 /* Release */,
			);
			defaultConfigurationIsVisible = 0;
			defaultConfigurationName = Release;
		};
		286B1ECC1943D783007E58F5 /* Build configuration list for PBXNativeTarget "swiftgo" */ = {
			isa = XCConfigurationList;
			buildConfigurations = (
				286B1ECD1943D783007E58F5 /* Debug */,
				286B1ECE1943D783007E58F5 /* Release */,
			);
			defaultConfigurationIsVisible = 0;
		};
/* End XCConfigurationList section */
	};
	rootObject = 286B1EBD1943D783007E58F5 /* Project object */;
}
